
Microsoft Visual Studio Solution File, Format Version 12.00
# Visual Studio Version 17
VisualStudioVersion = 17.8.34511.84
MinimumVisualStudioVersion = 10.0.40219.1
Project("{FAE04EC0-301F-11D3-BF4B-00C04F79EFBC}") = "College Management", "College Management\College Management.csproj", "{096744B1-17C2-4FCD-9414-EFDE2A23B68C}"
EndProject
Global
	GlobalSection(SolutionConfigurationPlatforms) = preSolution
		Debug|Any CPU = Debug|Any CPU
		Release|Any CPU = Release|Any CPU
	EndGlobalSection
	GlobalSection(ProjectConfigurationPlatforms) = postSolution
		{096744B1-17C2-4FCD-9414-EFDE2A23B68C}.Debug|Any CPU.ActiveCfg = Debug|Any CPU
		{096744B1-17C2-4FCD-9414-EFDE2A23B68C}.Debug|Any CPU.Build.0 = Debug|Any CPU
		{096744B1-17C2-4FCD-9414-EFDE2A23B68C}.Release|Any CPU.ActiveCfg = Release|Any CPU
		{096744B1-17C2-4FCD-9414-EFDE2A23B68C}.Release|Any CPU.Build.0 = Release|Any CPU
	EndGlobalSection
	GlobalSection(SolutionProperties) = preSolution
		HideSolutionNode = FALSE
	EndGlobalSection
	GlobalSection(ExtensibilityGlobals) = postSolution
		SolutionGuid = {9DB1FCDB-2CBF-492B-AA9F-59C83D1A5B0E}
	EndGlobalSection
EndGlobal
